
Microsoft Visual Studio Solution File, Format Version 12.00
# Visual Studio 15
VisualStudioVersion = 15.0.27428.2005
MinimumVisualStudioVersion = 10.0.40219.1
Project("{FAE04EC0-301F-11D3-BF4B-00C04F79EFBC}") = "MW Proto Game CA", "MW Proto Game CA\MW Proto Game CA.csproj", "{1B5B4CAA-75E2-406E-BA69-F7D7D8F853A2}"
EndProject
Global
	GlobalSection(SolutionConfigurationPlatforms) = preSolution
		Debug|Any CPU = Debug|Any CPU
		Release|Any CPU = Release|Any CPU
	EndGlobalSection
	GlobalSection(ProjectConfigurationPlatforms) = postSolution
		{1B5B4CAA-75E2-406E-BA69-F7D7D8F853A2}.Debug|Any CPU.ActiveCfg = Debug|Any CPU
		{1B5B4CAA-75E2-406E-BA69-F7D7D8F853A2}.Debug|Any CPU.Build.0 = Debug|Any CPU
		{1B5B4CAA-75E2-406E-BA69-F7D7D8F853A2}.Release|Any CPU.ActiveCfg = Release|Any CPU
		{1B5B4CAA-75E2-406E-BA69-F7D7D8F853A2}.Release|Any CPU.Build.0 = Release|Any CPU
	EndGlobalSection
	GlobalSection(SolutionProperties) = preSolution
		HideSolutionNode = FALSE
	EndGlobalSection
	GlobalSection(ExtensibilityGlobals) = postSolution
		SolutionGuid = {DF740DFC-B6FE-4F6C-B92D-E6327B1C5EC6}
	EndGlobalSection
EndGlobal
